
Microsoft Visual Studio Solution File, Format Version 12.00
Project("{FAE04EC0-301F-11D3-BF4B-00C04F79EFBC}") = "TwocTools.Core", "TwocTools.Core\TwocTools.Core.csproj", "{4A989C45-83B5-481A-9D8F-A1CB9E504192}"
EndProject
Project("{FAE04EC0-301F-11D3-BF4B-00C04F79EFBC}") = "TwocTools.App", "TwocTools.App\TwocTools.App.csproj", "{1E9A7C25-1B1B-437A-B8AA-E66D7286C501}"
EndProject
Project("{FAE04EC0-301F-11D3-BF4B-00C04F79EFBC}") = "TwocTools.Core.Tests", "TwocTools.Core.Tests\TwocTools.Core.Tests.csproj", "{98F0C1D8-3F1A-464E-8733-4C39879083DF}"
EndProject
Global
	GlobalSection(SolutionConfigurationPlatforms) = preSolution
		Debug|Any CPU = Debug|Any CPU
		Release|Any CPU = Release|Any CPU
	EndGlobalSection
	GlobalSection(ProjectConfigurationPlatforms) = postSolution
		{4A989C45-83B5-481A-9D8F-A1CB9E504192}.Debug|Any CPU.ActiveCfg = Debug|Any CPU
		{4A989C45-83B5-481A-9D8F-A1CB9E504192}.Debug|Any CPU.Build.0 = Debug|Any CPU
		{4A989C45-83B5-481A-9D8F-A1CB9E504192}.Release|Any CPU.ActiveCfg = Release|Any CPU
		{4A989C45-83B5-481A-9D8F-A1CB9E504192}.Release|Any CPU.Build.0 = Release|Any CPU
		{1E9A7C25-1B1B-437A-B8AA-E66D7286C501}.Debug|Any CPU.ActiveCfg = Debug|Any CPU
		{1E9A7C25-1B1B-437A-B8AA-E66D7286C501}.Debug|Any CPU.Build.0 = Debug|Any CPU
		{1E9A7C25-1B1B-437A-B8AA-E66D7286C501}.Release|Any CPU.ActiveCfg = Release|Any CPU
		{1E9A7C25-1B1B-437A-B8AA-E66D7286C501}.Release|Any CPU.Build.0 = Release|Any CPU
		{98F0C1D8-3F1A-464E-8733-4C39879083DF}.Debug|Any CPU.ActiveCfg = Debug|Any CPU
		{98F0C1D8-3F1A-464E-8733-4C39879083DF}.Debug|Any CPU.Build.0 = Debug|Any CPU
		{98F0C1D8-3F1A-464E-8733-4C39879083DF}.Release|Any CPU.ActiveCfg = Release|Any CPU
		{98F0C1D8-3F1A-464E-8733-4C39879083DF}.Release|Any CPU.Build.0 = Release|Any CPU
	EndGlobalSection
EndGlobal
